# THIS IS AN AUTOGENERATED FILE. DO NOT EDIT THIS FILE DIRECTLY.
# yarn lockfile v1


kafka@^0.2.3:
  version "0.2.3"
  resolved "https://registry.yarnpkg.com/kafka/-/kafka-0.2.3.tgz#fb7b1df38f161d821fee9dcb63985e388ea08188"
  integrity sha512-Qi9J1HgikGlZz4dGzG++sZ3L52JTE+LCWelz3MNmze0KePSeWvZHVtGe981/mD/u+wyLg6INFw3Rgrqyg+orTA==
  dependencies:
    std "0.1.36"

kafkajs@^2.2.4:
  version "2.2.4"
  resolved "https://registry.yarnpkg.com/kafkajs/-/kafkajs-2.2.4.tgz#59e6e16459d87fdf8b64be73970ed5aa42370a5b"
  integrity sha512-j/YeapB1vfPT2iOIUn/vxdyKEuhuY2PxMBvf5JWux6iSaukAccrMtXEY/Lb7OvavDhOWME589bpLrEdnVHjfjA==

std@0.1.36:
  version "0.1.36"
  resolved "https://registry.yarnpkg.com/std/-/std-0.1.36.tgz#79da0f9bba887809dfc60958ad4e69cdcf788c40"
  integrity sha512-PZP6srpVKfDgMwgbo+0jOUV0IFAWxHKlyQj3wiZiov8AYbXtoDjhNtFaCLkthOp0T5I6HDFzYvo2mRVtU5HYdg==
